# This file is automatically @generated by Cargo.
# It is not intended for manual editing.
[[package]]
name = "ipcd"
version = "0.1.0"
dependencies = [
 "redox_syscall",
]

[[package]]
name = "redox_syscall"
version = "0.1.57"
source = "registry+https://github.com/rust-lang/crates.io-index"
checksum = "41cc0f7e4d5d4544e8861606a285bb08d3e70712ccc7d2b84d7c0ccfaf4b05ce"
